// !$*UTF8*$!
{
	archiveVersion = 1;
	classes = {
	};
	objectVersion = 56;
	objects = {

/* Begin PBXBuildFile section */
		BF8CE9F82BE28F84004B888B /* SuperwallTutorialApp.swift in Sources */ = {isa = PBXBuildFile; fileRef = BF8CE9F72BE28F84004B888B /* SuperwallTutorialApp.swift */; };
		BF8CE9FA2BE28F84004B888B /* ContentView.swift in Sources */ = {isa = PBXBuildFile; fileRef = BF8CE9F92BE28F84004B888B /* ContentView.swift */; };
		BF8CE9FC2BE28F85004B888B /* Assets.xcassets in Resources */ = {isa = PBXBuildFile; fileRef = BF8CE9FB2BE28F85004B888B /* Assets.xcassets */; };
		BF8CE9FF2BE28F85004B888B /* Preview Assets.xcassets in Resources */ = {isa = PBXBuildFile; fileRef = BF8CE9FE2BE28F85004B888B /* Preview Assets.xcassets */; };
		BF8CEA0F2BE28F99004B888B /* Utils.swift in Sources */ = {isa = PBXBuildFile; fileRef = BF8CEA052BE28F99004B888B /* Utils.swift */; };
		BF8CEA112BE28F99004B888B /* MovieDetailsViewModel.swift in Sources */ = {isa = PBXBuildFile; fileRef = BF8CEA082BE28F99004B888B /* MovieDetailsViewModel.swift */; };
		BF8CEA122BE28F99004B888B /* MovieDetailsService.swift in Sources */ = {isa = PBXBuildFile; fileRef = BF8CEA092BE28F99004B888B /* MovieDetailsService.swift */; };
		BF8CEA152BE28F99004B888B /* MoviesService.swift in Sources */ = {isa = PBXBuildFile; fileRef = BF8CEA0D2BE28F99004B888B /* MoviesService.swift */; };
		BF8CEA162BE28F99004B888B /* MoviesViewModel.swift in Sources */ = {isa = PBXBuildFile; fileRef = BF8CEA0E2BE28F99004B888B /* MoviesViewModel.swift */; };
		BF8CEA182BE29230004B888B /* MoviesView.swift in Sources */ = {isa = PBXBuildFile; fileRef = BF8CEA172BE29230004B888B /* MoviesView.swift */; };
		BF8CEA1A2BE293FC004B888B /* MovieDetailsView.swift in Sources */ = {isa = PBXBuildFile; fileRef = BF8CEA192BE293FC004B888B /* MovieDetailsView.swift */; };
/* End PBXBuildFile section */

/* Begin PBXFileReference section */
		BF8CE9F42BE28F84004B888B /* SuperwallTutorial.app */ = {isa = PBXFileReference; explicitFileType = wrapper.application; includeInIndex = 0; path = SuperwallTutorial.app; sourceTree = BUILT_PRODUCTS_DIR; };
		BF8CE9F72BE28F84004B888B /* SuperwallTutorialApp.swift */ = {isa = PBXFileReference; lastKnownFileType = sourcecode.swift; path = SuperwallTutorialApp.swift; sourceTree = "<group>"; };
		BF8CE9F92BE28F84004B888B /* ContentView.swift */ = {isa = PBXFileReference; lastKnownFileType = sourcecode.swift; path = ContentView.swift; sourceTree = "<group>"; };
		BF8CE9FB2BE28F85004B888B /* Assets.xcassets */ = {isa = PBXFileReference; lastKnownFileType = folder.assetcatalog; path = Assets.xcassets; sourceTree = "<group>"; };
		BF8CE9FE2BE28F85004B888B /* Preview Assets.xcassets */ = {isa = PBXFileReference; lastKnownFileType = folder.assetcatalog; path = "Preview Assets.xcassets"; sourceTree = "<group>"; };
		BF8CEA052BE28F99004B888B /* Utils.swift */ = {isa = PBXFileReference; fileEncoding = 4; lastKnownFileType = sourcecode.swift; path = Utils.swift; sourceTree = "<group>"; };
		BF8CEA082BE28F99004B888B /* MovieDetailsViewModel.swift */ = {isa = PBXFileReference; fileEncoding = 4; lastKnownFileType = sourcecode.swift; path = MovieDetailsViewModel.swift; sourceTree = "<group>"; };
		BF8CEA092BE28F99004B888B /* MovieDetailsService.swift */ = {isa = PBXFileReference; fileEncoding = 4; lastKnownFileType = sourcecode.swift; path = MovieDetailsService.swift; sourceTree = "<group>"; };
		BF8CEA0D2BE28F99004B888B /* MoviesService.swift */ = {isa = PBXFileReference; fileEncoding = 4; lastKnownFileType = sourcecode.swift; path = MoviesService.swift; sourceTree = "<group>"; };
		BF8CEA0E2BE28F99004B888B /* MoviesViewModel.swift */ = {isa = PBXFileReference; fileEncoding = 4; lastKnownFileType = sourcecode.swift; path = MoviesViewModel.swift; sourceTree = "<group>"; };
		BF8CEA172BE29230004B888B /* MoviesView.swift */ = {isa = PBXFileReference; lastKnownFileType = sourcecode.swift; path = MoviesView.swift; sourceTree = "<group>"; };
		BF8CEA192BE293FC004B888B /* MovieDetailsView.swift */ = {isa = PBXFileReference; lastKnownFileType = sourcecode.swift; path = MovieDetailsView.swift; sourceTree = "<group>"; };
/* End PBXFileReference section */

/* Begin PBXFrameworksBuildPhase section */
		BF8CE9F12BE28F84004B888B /* Frameworks */ = {
			isa = PBXFrameworksBuildPhase;
			buildActionMask = 2147483647;
			files = (
			);
			runOnlyForDeploymentPostprocessing = 0;
		};
/* End PBXFrameworksBuildPhase section */

/* Begin PBXGroup section */
		BF8CE9EB2BE28F84004B888B = {
			isa = PBXGroup;
			children = (
				BF8CE9F62BE28F84004B888B /* SuperwallTutorial */,
				BF8CE9F52BE28F84004B888B /* Products */,
			);
			sourceTree = "<group>";
		};
		BF8CE9F52BE28F84004B888B /* Products */ = {
			isa = PBXGroup;
			children = (
				BF8CE9F42BE28F84004B888B /* SuperwallTutorial.app */,
			);
			name = Products;
			sourceTree = "<group>";
		};
		BF8CE9F62BE28F84004B888B /* SuperwallTutorial */ = {
			isa = PBXGroup;
			children = (
				BF8CEA052BE28F99004B888B /* Utils.swift */,
				BF8CEA0A2BE28F99004B888B /* Movies */,
				BF8CEA062BE28F99004B888B /* MovieDetails */,
				BF8CE9F72BE28F84004B888B /* SuperwallTutorialApp.swift */,
				BF8CE9F92BE28F84004B888B /* ContentView.swift */,
				BF8CE9FB2BE28F85004B888B /* Assets.xcassets */,
				BF8CE9FD2BE28F85004B888B /* Preview Content */,
			);
			path = SuperwallTutorial;
			sourceTree = "<group>";
		};
		BF8CE9FD2BE28F85004B888B /* Preview Content */ = {
			isa = PBXGroup;
			children = (
				BF8CE9FE2BE28F85004B888B /* Preview Assets.xcassets */,
			);
			path = "Preview Content";
			sourceTree = "<group>";
		};
		BF8CEA062BE28F99004B888B /* MovieDetails */ = {
			isa = PBXGroup;
			children = (
				BF8CEA092BE28F99004B888B /* MovieDetailsService.swift */,
				BF8CEA082BE28F99004B888B /* MovieDetailsViewModel.swift */,
				BF8CEA192BE293FC004B888B /* MovieDetailsView.swift */,
			);
			path = MovieDetails;
			sourceTree = "<group>";
		};
		BF8CEA0A2BE28F99004B888B /* Movies */ = {
			isa = PBXGroup;
			children = (
				BF8CEA0D2BE28F99004B888B /* MoviesService.swift */,
				BF8CEA0E2BE28F99004B888B /* MoviesViewModel.swift */,
				BF8CEA172BE29230004B888B /* MoviesView.swift */,
			);
			path = Movies;
			sourceTree = "<group>";
		};
/* End PBXGroup section */

/* Begin PBXNativeTarget section */
		BF8CE9F32BE28F84004B888B /* SuperwallTutorial */ = {
			isa = PBXNativeTarget;
			buildConfigurationList = BF8CEA022BE28F85004B888B /* Build configuration list for PBXNativeTarget "SuperwallTutorial" */;
			buildPhases = (
				BF8CE9F02BE28F84004B888B /* Sources */,
				BF8CE9F12BE28F84004B888B /* Frameworks */,
				BF8CE9F22BE28F84004B888B /* Resources */,
			);
			buildRules = (
			);
			dependencies = (
			);
			name = SuperwallTutorial;
			productName = SuperwallTutorial;
			productReference = BF8CE9F42BE28F84004B888B /* SuperwallTutorial.app */;
			productType = "com.apple.product-type.application";
		};
/* End PBXNativeTarget section */

/* Begin PBXProject section */
		BF8CE9EC2BE28F84004B888B /* Project object */ = {
			isa = PBXProject;
			attributes = {
				BuildIndependentTargetsInParallel = 1;
				LastSwiftUpdateCheck = 1520;
				LastUpgradeCheck = 1520;
				TargetAttributes = {
					BF8CE9F32BE28F84004B888B = {
						CreatedOnToolsVersion = 15.2;
					};
				};
			};
			buildConfigurationList = BF8CE9EF2BE28F84004B888B /* Build configuration list for PBXProject "SuperwallTutorial" */;
			compatibilityVersion = "Xcode 14.0";
			developmentRegion = en;
			hasScannedForEncodings = 0;
			knownRegions = (
				en,
				Base,
			);
			mainGroup = BF8CE9EB2BE28F84004B888B;
			productRefGroup = BF8CE9F52BE28F84004B888B /* Products */;
			projectDirPath = "";
			projectRoot = "";
			targets = (
				BF8CE9F32BE28F84004B888B /* SuperwallTutorial */,
			);
		};
/* End PBXProject section */

/* Begin PBXResourcesBuildPhase section */
		BF8CE9F22BE28F84004B888B /* Resources */ = {
			isa = PBXResourcesBuildPhase;
			buildActionMask = 2147483647;
			files = (
				BF8CE9FF2BE28F85004B888B /* Preview Assets.xcassets in Resources */,
				BF8CE9FC2BE28F85004B888B /* Assets.xcassets in Resources */,
			);
			runOnlyForDeploymentPostprocessing = 0;
		};
/* End PBXResourcesBuildPhase section */

/* Begin PBXSourcesBuildPhase section */
		BF8CE9F02BE28F84004B888B /* Sources */ = {
			isa = PBXSourcesBuildPhase;
			buildActionMask = 2147483647;
			files = (
				BF8CEA112BE28F99004B888B /* MovieDetailsViewModel.swift in Sources */,
				BF8CEA182BE29230004B888B /* MoviesView.swift in Sources */,
				BF8CE9FA2BE28F84004B888B /* ContentView.swift in Sources */,
				BF8CEA122BE28F99004B888B /* MovieDetailsService.swift in Sources */,
				BF8CEA152BE28F99004B888B /* MoviesService.swift in Sources */,
				BF8CE9F82BE28F84004B888B /* SuperwallTutorialApp.swift in Sources */,
				BF8CEA1A2BE293FC004B888B /* MovieDetailsView.swift in Sources */,
				BF8CEA0F2BE28F99004B888B /* Utils.swift in Sources */,
				BF8CEA162BE28F99004B888B /* MoviesViewModel.swift in Sources */,
			);
			runOnlyForDeploymentPostprocessing = 0;
		};
/* End PBXSourcesBuildPhase section */

/* Begin XCBuildConfiguration section */
		BF8CEA002BE28F85004B888B /* Debug */ = {
			isa = XCBuildConfiguration;
			buildSettings = {
				ALWAYS_SEARCH_USER_PATHS = NO;
				ASSETCATALOG_COMPILER_GENERATE_SWIFT_ASSET_SYMBOL_EXTENSIONS = YES;
				CLANG_ANALYZER_NONNULL = YES;
				CLANG_ANALYZER_NUMBER_OBJECT_CONVERSION = YES_AGGRESSIVE;
				CLANG_CXX_LANGUAGE_STANDARD = "gnu++20";
				CLANG_ENABLE_MODULES = YES;
				CLANG_ENABLE_OBJC_ARC = YES;
				CLANG_ENABLE_OBJC_WEAK = YES;
				CLANG_WARN_BLOCK_CAPTURE_AUTORELEASING = YES;
				CLANG_WARN_BOOL_CONVERSION = YES;
				CLANG_WARN_COMMA = YES;
				CLANG_WARN_CONSTANT_CONVERSION = YES;
				CLANG_WARN_DEPRECATED_OBJC_IMPLEMENTATIONS = YES;
				CLANG_WARN_DIRECT_OBJC_ISA_USAGE = YES_ERROR;
				CLANG_WARN_DOCUMENTATION_COMMENTS = YES;
				CLANG_WARN_EMPTY_BODY = YES;
				CLANG_WARN_ENUM_CONVERSION = YES;
				CLANG_WARN_INFINITE_RECURSION = YES;
				CLANG_WARN_INT_CONVERSION = YES;
				CLANG_WARN_NON_LITERAL_NULL_CONVERSION = YES;
				CLANG_WARN_OBJC_IMPLICIT_RETAIN_SELF = YES;
				CLANG_WARN_OBJC_LITERAL_CONVERSION = YES;
				CLANG_WARN_OBJC_ROOT_CLASS = YES_ERROR;
				CLANG_WARN_QUOTED_INCLUDE_IN_FRAMEWORK_HEADER = YES;
				CLANG_WARN_RANGE_LOOP_ANALYSIS = YES;
				CLANG_WARN_STRICT_PROTOTYPES = YES;
				CLANG_WARN_SUSPICIOUS_MOVE = YES;
				CLANG_WARN_UNGUARDED_AVAILABILITY = YES_AGGRESSIVE;
				CLANG_WARN_UNREACHABLE_CODE = YES;
				CLANG_WARN__DUPLICATE_METHOD_MATCH = YES;
				COPY_PHASE_STRIP = NO;
				DEBUG_INFORMATION_FORMAT = dwarf;
				ENABLE_STRICT_OBJC_MSGSEND = YES;
				ENABLE_TESTABILITY = YES;
				ENABLE_USER_SCRIPT_SANDBOXING = YES;
				GCC_C_LANGUAGE_STANDARD = gnu17;
				GCC_DYNAMIC_NO_PIC = NO;
				GCC_NO_COMMON_BLOCKS = YES;
				GCC_OPTIMIZATION_LEVEL = 0;
				GCC_PREPROCESSOR_DEFINITIONS = (
					"DEBUG=1",
					"$(inherited)",
				);
				GCC_WARN_64_TO_32_BIT_CONVERSION = YES;
				GCC_WARN_ABOUT_RETURN_TYPE = YES_ERROR;
				GCC_WARN_UNDECLARED_SELECTOR = YES;
				GCC_WARN_UNINITIALIZED_AUTOS = YES_AGGRESSIVE;
				GCC_WARN_UNUSED_FUNCTION = YES;
				GCC_WARN_UNUSED_VARIABLE = YES;
				IPHONEOS_DEPLOYMENT_TARGET = 17.2;
				LOCALIZATION_PREFERS_STRING_CATALOGS = YES;
				MTL_ENABLE_DEBUG_INFO = INCLUDE_SOURCE;
				MTL_FAST_MATH = YES;
				ONLY_ACTIVE_ARCH = YES;
				SDKROOT = iphoneos;
				SWIFT_ACTIVE_COMPILATION_CONDITIONS = "DEBUG $(inherited)";
				SWIFT_OPTIMIZATION_LEVEL = "-Onone";
			};
			name = Debug;
		};
		BF8CEA012BE28F85004B888B /* Release */ = {
			isa = XCBuildConfiguration;
			buildSettings = {
				ALWAYS_SEARCH_USER_PATHS = NO;
				ASSETCATALOG_COMPILER_GENERATE_SWIFT_ASSET_SYMBOL_EXTENSIONS = YES;
				CLANG_ANALYZER_NONNULL = YES;
				CLANG_ANALYZER_NUMBER_OBJECT_CONVERSION = YES_AGGRESSIVE;
				CLANG_CXX_LANGUAGE_STANDARD = "gnu++20";
				CLANG_ENABLE_MODULES = YES;
				CLANG_ENABLE_OBJC_ARC = YES;
				CLANG_ENABLE_OBJC_WEAK = YES;
				CLANG_WARN_BLOCK_CAPTURE_AUTORELEASING = YES;
				CLANG_WARN_BOOL_CONVERSION = YES;
				CLANG_WARN_COMMA = YES;
				CLANG_WARN_CONSTANT_CONVERSION = YES;
				CLANG_WARN_DEPRECATED_OBJC_IMPLEMENTATIONS = YES;
				CLANG_WARN_DIRECT_OBJC_ISA_USAGE = YES_ERROR;
				CLANG_WARN_DOCUMENTATION_COMMENTS = YES;
				CLANG_WARN_EMPTY_BODY = YES;
				CLANG_WARN_ENUM_CONVERSION = YES;
				CLANG_WARN_INFINITE_RECURSION = YES;
				CLANG_WARN_INT_CONVERSION = YES;
				CLANG_WARN_NON_LITERAL_NULL_CONVERSION = YES;
				CLANG_WARN_OBJC_IMPLICIT_RETAIN_SELF = YES;
				CLANG_WARN_OBJC_LITERAL_CONVERSION = YES;
				CLANG_WARN_OBJC_ROOT_CLASS = YES_ERROR;
				CLANG_WARN_QUOTED_INCLUDE_IN_FRAMEWORK_HEADER = YES;
				CLANG_WARN_RANGE_LOOP_ANALYSIS = YES;
				CLANG_WARN_STRICT_PROTOTYPES = YES;
				CLANG_WARN_SUSPICIOUS_MOVE = YES;
				CLANG_WARN_UNGUARDED_AVAILABILITY = YES_AGGRESSIVE;
				CLANG_WARN_UNREACHABLE_CODE = YES;
				CLANG_WARN__DUPLICATE_METHOD_MATCH = YES;
				COPY_PHASE_STRIP = NO;
				DEBUG_INFORMATION_FORMAT = "dwarf-with-dsym";
				ENABLE_NS_ASSERTIONS = NO;
				ENABLE_STRICT_OBJC_MSGSEND = YES;
				ENABLE_USER_SCRIPT_SANDBOXING = YES;
				GCC_C_LANGUAGE_STANDARD = gnu17;
				GCC_NO_COMMON_BLOCKS = YES;
				GCC_WARN_64_TO_32_BIT_CONVERSION = YES;
				GCC_WARN_ABOUT_RETURN_TYPE = YES_ERROR;
				GCC_WARN_UNDECLARED_SELECTOR = YES;
				GCC_WARN_UNINITIALIZED_AUTOS = YES_AGGRESSIVE;
				GCC_WARN_UNUSED_FUNCTION = YES;
				GCC_WARN_UNUSED_VARIABLE = YES;
				IPHONEOS_DEPLOYMENT_TARGET = 17.2;
				LOCALIZATION_PREFERS_STRING_CATALOGS = YES;
				MTL_ENABLE_DEBUG_INFO = NO;
				MTL_FAST_MATH = YES;
				SDKROOT = iphoneos;
				SWIFT_COMPILATION_MODE = wholemodule;
				VALIDATE_PRODUCT = YES;
			};
			name = Release;
		};
		BF8CEA032BE28F85004B888B /* Debug */ = {
			isa = XCBuildConfiguration;
			buildSettings = {
				ASSETCATALOG_COMPILER_APPICON_NAME = AppIcon;
				ASSETCATALOG_COMPILER_GLOBAL_ACCENT_COLOR_NAME = AccentColor;
				CODE_SIGN_STYLE = Automatic;
				CURRENT_PROJECT_VERSION = 1;
				DEVELOPMENT_ASSET_PATHS = "\"SuperwallTutorial/Preview Content\"";
				DEVELOPMENT_TEAM = 2937XWQ9VF;
				ENABLE_PREVIEWS = YES;
				GENERATE_INFOPLIST_FILE = YES;
				INFOPLIST_KEY_UIApplicationSceneManifest_Generation = YES;
				INFOPLIST_KEY_UIApplicationSupportsIndirectInputEvents = YES;
				INFOPLIST_KEY_UILaunchScreen_Generation = YES;
				INFOPLIST_KEY_UISupportedInterfaceOrientations_iPad = "UIInterfaceOrientationPortrait UIInterfaceOrientationPortraitUpsideDown UIInterfaceOrientationLandscapeLeft UIInterfaceOrientationLandscapeRight";
				INFOPLIST_KEY_UISupportedInterfaceOrientations_iPhone = "UIInterfaceOrientationPortrait UIInterfaceOrientationLandscapeLeft UIInterfaceOrientationLandscapeRight";
				LD_RUNPATH_SEARCH_PATHS = (
					"$(inherited)",
					"@executable_path/Frameworks",
				);
				MARKETING_VERSION = 1.0;
				PRODUCT_BUNDLE_IDENTIFIER = name.vincentpradeilles.SuperwallTutorial;
				PRODUCT_NAME = "$(TARGET_NAME)";
				SWIFT_EMIT_LOC_STRINGS = YES;
				SWIFT_VERSION = 5.0;
				TARGETED_DEVICE_FAMILY = "1,2";
			};
			name = Debug;
		};
		BF8CEA042BE28F85004B888B /* Release */ = {
			isa = XCBuildConfiguration;
			buildSettings = {
				ASSETCATALOG_COMPILER_APPICON_NAME = AppIcon;
				ASSETCATALOG_COMPILER_GLOBAL_ACCENT_COLOR_NAME = AccentColor;
				CODE_SIGN_STYLE = Automatic;
				CURRENT_PROJECT_VERSION = 1;
				DEVELOPMENT_ASSET_PATHS = "\"SuperwallTutorial/Preview Content\"";
				DEVELOPMENT_TEAM = 2937XWQ9VF;
				ENABLE_PREVIEWS = YES;
				GENERATE_INFOPLIST_FILE = YES;
				INFOPLIST_KEY_UIApplicationSceneManifest_Generation = YES;
				INFOPLIST_KEY_UIApplicationSupportsIndirectInputEvents = YES;
				INFOPLIST_KEY_UILaunchScreen_Generation = YES;
				INFOPLIST_KEY_UISupportedInterfaceOrientations_iPad = "UIInterfaceOrientationPortrait UIInterfaceOrientationPortraitUpsideDown UIInterfaceOrientationLandscapeLeft UIInterfaceOrientationLandscapeRight";
				INFOPLIST_KEY_UISupportedInterfaceOrientations_iPhone = "UIInterfaceOrientationPortrait UIInterfaceOrientationLandscapeLeft UIInterfaceOrientationLandscapeRight";
				LD_RUNPATH_SEARCH_PATHS = (
					"$(inherited)",
					"@executable_path/Frameworks",
				);
				MARKETING_VERSION = 1.0;
				PRODUCT_BUNDLE_IDENTIFIER = name.vincentpradeilles.SuperwallTutorial;
				PRODUCT_NAME = "$(TARGET_NAME)";
				SWIFT_EMIT_LOC_STRINGS = YES;
				SWIFT_VERSION = 5.0;
				TARGETED_DEVICE_FAMILY = "1,2";
			};
			name = Release;
		};
/* End XCBuildConfiguration section */

/* Begin XCConfigurationList section */
		BF8CE9EF2BE28F84004B888B /* Build configuration list for PBXProject "SuperwallTutorial" */ = {
			isa = XCConfigurationList;
			buildConfigurations = (
				BF8CEA002BE28F85004B888B /* Debug */,
				BF8CEA012BE28F85004B888B /* Release */,
			);
			defaultConfigurationIsVisible = 0;
			defaultConfigurationName = Release;
		};
		BF8CEA022BE28F85004B888B /* Build configuration list for PBXNativeTarget "SuperwallTutorial" */ = {
			isa = XCConfigurationList;
			buildConfigurations = (
				BF8CEA032BE28F85004B888B /* Debug */,
				BF8CEA042BE28F85004B888B /* Release */,
			);
			defaultConfigurationIsVisible = 0;
			defaultConfigurationName = Release;
		};
/* End XCConfigurationList section */
	};
	rootObject = BF8CE9EC2BE28F84004B888B /* Project object */;
}
